// !$*UTF8*$!
{
	archiveVersion = 1;
	classes = {
	};
	objectVersion = 54;
	objects = {

/* Begin PBXBuildFile section */
		0FFEE135ED2B4B59B4C37DBB /* noop-file.swift in Sources */ = {isa = PBXBuildFile; fileRef = F534A152BF494983A2D409FE /* noop-file.swift */; };
		13B07FBC1A68108700A75B9A /* AppDelegate.mm in Sources */ = {isa = PBXBuildFile; fileRef = 13B07FB01A68108700A75B9A /* AppDelegate.mm */; };
		13B07FBF1A68108700A75B9A /* Images.xcassets in Resources */ = {isa = PBXBuildFile; fileRef = 13B07FB51A68108700A75B9A /* Images.xcassets */; };
		13B07FC11A68108700A75B9A /* main.m in Sources */ = {isa = PBXBuildFile; fileRef = 13B07FB71A68108700A75B9A /* main.m */; };
		261B0E162C79CABA0026F4EC /* libFirebaseFirestore.a in Frameworks */ = {isa = PBXBuildFile; fileRef = 261B0E152C79CABA0026F4EC /* libFirebaseFirestore.a */; };
		261EF60D2C7CED36003F94AE /* SceneDelegate.swift in Sources */ = {isa = PBXBuildFile; fileRef = 261EF60C2C7CED36003F94AE /* SceneDelegate.swift */; };
		265168322C74E3C200F069BC /* DisposableClipApp.swift in Sources */ = {isa = PBXBuildFile; fileRef = 265168312C74E3C200F069BC /* DisposableClipApp.swift */; };
		265168342C74E3C200F069BC /* ContentView.swift in Sources */ = {isa = PBXBuildFile; fileRef = 265168332C74E3C200F069BC /* ContentView.swift */; };
		265168362C74E3C400F069BC /* Assets.xcassets in Resources */ = {isa = PBXBuildFile; fileRef = 265168352C74E3C400F069BC /* Assets.xcassets */; };
		265168392C74E3C400F069BC /* Preview Assets.xcassets in Resources */ = {isa = PBXBuildFile; fileRef = 265168382C74E3C400F069BC /* Preview Assets.xcassets */; };
		265168452C74E3C400F069BC /* DisposableClipTests.swift in Sources */ = {isa = PBXBuildFile; fileRef = 265168442C74E3C400F069BC /* DisposableClipTests.swift */; };
		2651684F2C74E3C400F069BC /* DisposableClipUITests.swift in Sources */ = {isa = PBXBuildFile; fileRef = 2651684E2C74E3C400F069BC /* DisposableClipUITests.swift */; };
		265168512C74E3C400F069BC /* DisposableClipUITestsLaunchTests.swift in Sources */ = {isa = PBXBuildFile; fileRef = 265168502C74E3C400F069BC /* DisposableClipUITestsLaunchTests.swift */; };
		265168542C74E3C400F069BC /* DisposableClip.app in Embed App Clips */ = {isa = PBXBuildFile; fileRef = 2651682F2C74E3C200F069BC /* DisposableClip.app */; settings = {ATTRIBUTES = (RemoveHeadersOnCopy, ); }; };
		26537CFE2C94948F005C5FD9 /* GoogleService-Info.plist in Resources */ = {isa = PBXBuildFile; fileRef = 26537CFD2C94948F005C5FD9 /* GoogleService-Info.plist */; };
		26E9A5642C79EC000057501C /* FirebaseFirestore in Frameworks */ = {isa = PBXBuildFile; productRef = 26E9A5632C79EC000057501C /* FirebaseFirestore */; };
		26E9A5662C79EC000057501C /* FirebaseStorage in Frameworks */ = {isa = PBXBuildFile; productRef = 26E9A5652C79EC000057501C /* FirebaseStorage */; };
		26E9A5682C79EE200057501C /* SDWebImageSwiftUI in Frameworks */ = {isa = PBXBuildFile; productRef = 26E9A5672C79EE200057501C /* SDWebImageSwiftUI */; };
		3E461D99554A48A4959DE609 /* SplashScreen.storyboard in Resources */ = {isa = PBXBuildFile; fileRef = AA286B85B6C04FC6940260E9 /* SplashScreen.storyboard */; };
		42B850059F2283811DE9FF24 /* PrivacyInfo.xcprivacy in Resources */ = {isa = PBXBuildFile; fileRef = D35170193387CC45F79934A9 /* PrivacyInfo.xcprivacy */; };
		6F780965857EAC7AB5C9EA3F /* Pods_dispo.framework in Frameworks */ = {isa = PBXBuildFile; fileRef = EA70EEC6E4714EC84C9AA3AF /* Pods_dispo.framework */; };
		B18059E884C0ABDD17F3DC3D /* ExpoModulesProvider.swift in Sources */ = {isa = PBXBuildFile; fileRef = FAC715A2D49A985799AEE119 /* ExpoModulesProvider.swift */; };
		BB2F792D24A3F905000567C9 /* Expo.plist in Resources */ = {isa = PBXBuildFile; fileRef = BB2F792C24A3F905000567C9 /* Expo.plist */; };
/* End PBXBuildFile section */

/* Begin PBXContainerItemProxy section */
		265168412C74E3C400F069BC /* PBXContainerItemProxy */ = {
			isa = PBXContainerItemProxy;
			containerPortal = 83CBB9F71A601CBA00E9B192 /* Project object */;
			proxyType = 1;
			remoteGlobalIDString = 2651682E2C74E3C200F069BC;
			remoteInfo = DisposableClip;
		};
		2651684B2C74E3C400F069BC /* PBXContainerItemProxy */ = {
			isa = PBXContainerItemProxy;
			containerPortal = 83CBB9F71A601CBA00E9B192 /* Project object */;
			proxyType = 1;
			remoteGlobalIDString = 2651682E2C74E3C200F069BC;
			remoteInfo = DisposableClip;
		};
		265168522C74E3C400F069BC /* PBXContainerItemProxy */ = {
			isa = PBXContainerItemProxy;
			containerPortal = 83CBB9F71A601CBA00E9B192 /* Project object */;
			proxyType = 1;
			remoteGlobalIDString = 2651682E2C74E3C200F069BC;
			remoteInfo = DisposableClip;
		};
/* End PBXContainerItemProxy section */

/* Begin PBXCopyFilesBuildPhase section */
		265168552C74E3C400F069BC /* Embed App Clips */ = {
			isa = PBXCopyFilesBuildPhase;
			buildActionMask = 2147483647;
			dstPath = "$(CONTENTS_FOLDER_PATH)/AppClips";
			dstSubfolderSpec = 16;
			files = (
				265168542C74E3C400F069BC /* DisposableClip.app in Embed App Clips */,
			);
			name = "Embed App Clips";
			runOnlyForDeploymentPostprocessing = 0;
		};
/* End PBXCopyFilesBuildPhase section */

/* Begin PBXFileReference section */
		13B07F961A680F5B00A75B9A /* dispo.app */ = {isa = PBXFileReference; explicitFileType = wrapper.application; includeInIndex = 0; path = dispo.app; sourceTree = BUILT_PRODUCTS_DIR; };
		13B07FAF1A68108700A75B9A /* AppDelegate.h */ = {isa = PBXFileReference; fileEncoding = 4; lastKnownFileType = sourcecode.c.h; name = AppDelegate.h; path = dispo/AppDelegate.h; sourceTree = "<group>"; };
		13B07FB01A68108700A75B9A /* AppDelegate.mm */ = {isa = PBXFileReference; fileEncoding = 4; lastKnownFileType = sourcecode.cpp.objcpp; name = AppDelegate.mm; path = dispo/AppDelegate.mm; sourceTree = "<group>"; };
		13B07FB51A68108700A75B9A /* Images.xcassets */ = {isa = PBXFileReference; lastKnownFileType = folder.assetcatalog; name = Images.xcassets; path = dispo/Images.xcassets; sourceTree = "<group>"; };
		13B07FB61A68108700A75B9A /* Info.plist */ = {isa = PBXFileReference; fileEncoding = 4; lastKnownFileType = text.plist.xml; name = Info.plist; path = dispo/Info.plist; sourceTree = "<group>"; };
		13B07FB71A68108700A75B9A /* main.m */ = {isa = PBXFileReference; fileEncoding = 4; lastKnownFileType = sourcecode.c.objc; name = main.m; path = dispo/main.m; sourceTree = "<group>"; };
		261B0E152C79CABA0026F4EC /* libFirebaseFirestore.a */ = {isa = PBXFileReference; explicitFileType = archive.ar; path = libFirebaseFirestore.a; sourceTree = BUILT_PRODUCTS_DIR; };
		261EF60C2C7CED36003F94AE /* SceneDelegate.swift */ = {isa = PBXFileReference; lastKnownFileType = sourcecode.swift; path = SceneDelegate.swift; sourceTree = "<group>"; };
		2651682F2C74E3C200F069BC /* DisposableClip.app */ = {isa = PBXFileReference; explicitFileType = wrapper.application; includeInIndex = 0; path = DisposableClip.app; sourceTree = BUILT_PRODUCTS_DIR; };
		265168312C74E3C200F069BC /* DisposableClipApp.swift */ = {isa = PBXFileReference; lastKnownFileType = sourcecode.swift; path = DisposableClipApp.swift; sourceTree = "<group>"; };
		265168332C74E3C200F069BC /* ContentView.swift */ = {isa = PBXFileReference; lastKnownFileType = sourcecode.swift; path = ContentView.swift; sourceTree = "<group>"; };
		265168352C74E3C400F069BC /* Assets.xcassets */ = {isa = PBXFileReference; lastKnownFileType = folder.assetcatalog; path = Assets.xcassets; sourceTree = "<group>"; };
		265168382C74E3C400F069BC /* Preview Assets.xcassets */ = {isa = PBXFileReference; lastKnownFileType = folder.assetcatalog; path = "Preview Assets.xcassets"; sourceTree = "<group>"; };
		2651683A2C74E3C400F069BC /* Info.plist */ = {isa = PBXFileReference; lastKnownFileType = text.plist.xml; path = Info.plist; sourceTree = "<group>"; };
		2651683B2C74E3C400F069BC /* DisposableClip.entitlements */ = {isa = PBXFileReference; lastKnownFileType = text.plist.entitlements; path = DisposableClip.entitlements; sourceTree = "<group>"; };
		265168402C74E3C400F069BC /* DisposableClipTests.xctest */ = {isa = PBXFileReference; explicitFileType = wrapper.cfbundle; includeInIndex = 0; path = DisposableClipTests.xctest; sourceTree = BUILT_PRODUCTS_DIR; };
		265168442C74E3C400F069BC /* DisposableClipTests.swift */ = {isa = PBXFileReference; lastKnownFileType = sourcecode.swift; path = DisposableClipTests.swift; sourceTree = "<group>"; };
		2651684A2C74E3C400F069BC /* DisposableClipUITests.xctest */ = {isa = PBXFileReference; explicitFileType = wrapper.cfbundle; includeInIndex = 0; path = DisposableClipUITests.xctest; sourceTree = BUILT_PRODUCTS_DIR; };
		2651684E2C74E3C400F069BC /* DisposableClipUITests.swift */ = {isa = PBXFileReference; lastKnownFileType = sourcecode.swift; path = DisposableClipUITests.swift; sourceTree = "<group>"; };
		265168502C74E3C400F069BC /* DisposableClipUITestsLaunchTests.swift */ = {isa = PBXFileReference; lastKnownFileType = sourcecode.swift; path = DisposableClipUITestsLaunchTests.swift; sourceTree = "<group>"; };
		26537CFD2C94948F005C5FD9 /* GoogleService-Info.plist */ = {isa = PBXFileReference; fileEncoding = 4; lastKnownFileType = text.plist.xml; path = "GoogleService-Info.plist"; sourceTree = "<group>"; };
		26F8D20EE1F74037A43B3C0F /* dispo-Bridging-Header.h */ = {isa = PBXFileReference; explicitFileType = undefined; fileEncoding = 4; includeInIndex = 0; lastKnownFileType = sourcecode.c.h; name = "dispo-Bridging-Header.h"; path = "dispo/dispo-Bridging-Header.h"; sourceTree = "<group>"; };
		867F990A2984CF890A22E569 /* Pods-dispo.release.xcconfig */ = {isa = PBXFileReference; includeInIndex = 1; lastKnownFileType = text.xcconfig; name = "Pods-dispo.release.xcconfig"; path = "Target Support Files/Pods-dispo/Pods-dispo.release.xcconfig"; sourceTree = "<group>"; };
		AA286B85B6C04FC6940260E9 /* SplashScreen.storyboard */ = {isa = PBXFileReference; fileEncoding = 4; lastKnownFileType = file.storyboard; name = SplashScreen.storyboard; path = dispo/SplashScreen.storyboard; sourceTree = "<group>"; };
		BB2F792C24A3F905000567C9 /* Expo.plist */ = {isa = PBXFileReference; fileEncoding = 4; lastKnownFileType = text.plist.xml; path = Expo.plist; sourceTree = "<group>"; };
		D1045F2EADCECAD639D51794 /* Pods-dispo.debug.xcconfig */ = {isa = PBXFileReference; includeInIndex = 1; lastKnownFileType = text.xcconfig; name = "Pods-dispo.debug.xcconfig"; path = "Target Support Files/Pods-dispo/Pods-dispo.debug.xcconfig"; sourceTree = "<group>"; };
		D35170193387CC45F79934A9 /* PrivacyInfo.xcprivacy */ = {isa = PBXFileReference; includeInIndex = 1; lastKnownFileType = text.xml; name = PrivacyInfo.xcprivacy; path = dispo/PrivacyInfo.xcprivacy; sourceTree = "<group>"; };
		EA70EEC6E4714EC84C9AA3AF /* Pods_dispo.framework */ = {isa = PBXFileReference; explicitFileType = wrapper.framework; includeInIndex = 0; path = Pods_dispo.framework; sourceTree = BUILT_PRODUCTS_DIR; };
		ED297162215061F000B7C4FE /* JavaScriptCore.framework */ = {isa = PBXFileReference; lastKnownFileType = wrapper.framework; name = JavaScriptCore.framework; path = System/Library/Frameworks/JavaScriptCore.framework; sourceTree = SDKROOT; };
		F534A152BF494983A2D409FE /* noop-file.swift */ = {isa = PBXFileReference; explicitFileType = undefined; fileEncoding = 4; includeInIndex = 0; lastKnownFileType = sourcecode.swift; name = "noop-file.swift"; path = "dispo/noop-file.swift"; sourceTree = "<group>"; };
		FAC715A2D49A985799AEE119 /* ExpoModulesProvider.swift */ = {isa = PBXFileReference; includeInIndex = 1; lastKnownFileType = sourcecode.swift; name = ExpoModulesProvider.swift; path = "Pods/Target Support Files/Pods-dispo/ExpoModulesProvider.swift"; sourceTree = "<group>"; };
/* End PBXFileReference section */

/* Begin PBXFrameworksBuildPhase section */
		13B07F8C1A680F5B00A75B9A /* Frameworks */ = {
			isa = PBXFrameworksBuildPhase;
			buildActionMask = 2147483647;
			files = (
				261B0E162C79CABA0026F4EC /* libFirebaseFirestore.a in Frameworks */,
				6F780965857EAC7AB5C9EA3F /* Pods_dispo.framework in Frameworks */,
			);
			runOnlyForDeploymentPostprocessing = 0;
		};
		2651682C2C74E3C200F069BC /* Frameworks */ = {
			isa = PBXFrameworksBuildPhase;
			buildActionMask = 2147483647;
			files = (
				26E9A5682C79EE200057501C /* SDWebImageSwiftUI in Frameworks */,
				26E9A5642C79EC000057501C /* FirebaseFirestore in Frameworks */,
				26E9A5662C79EC000057501C /* FirebaseStorage in Frameworks */,
			);
			runOnlyForDeploymentPostprocessing = 0;
		};
		2651683D2C74E3C400F069BC /* Frameworks */ = {
			isa = PBXFrameworksBuildPhase;
			buildActionMask = 2147483647;
			files = (
			);
			runOnlyForDeploymentPostprocessing = 0;
		};
		265168472C74E3C400F069BC /* Frameworks */ = {
			isa = PBXFrameworksBuildPhase;
			buildActionMask = 2147483647;
			files = (
			);
			runOnlyForDeploymentPostprocessing = 0;
		};
/* End PBXFrameworksBuildPhase section */

/* Begin PBXGroup section */
		13B07FAE1A68108700A75B9A /* dispo */ = {
			isa = PBXGroup;
			children = (
				BB2F792B24A3F905000567C9 /* Supporting */,
				13B07FAF1A68108700A75B9A /* AppDelegate.h */,
				13B07FB01A68108700A75B9A /* AppDelegate.mm */,
				13B07FB51A68108700A75B9A /* Images.xcassets */,
				13B07FB61A68108700A75B9A /* Info.plist */,
				13B07FB71A68108700A75B9A /* main.m */,
				AA286B85B6C04FC6940260E9 /* SplashScreen.storyboard */,
				F534A152BF494983A2D409FE /* noop-file.swift */,
				26F8D20EE1F74037A43B3C0F /* dispo-Bridging-Header.h */,
				D35170193387CC45F79934A9 /* PrivacyInfo.xcprivacy */,
			);
			name = dispo;
			sourceTree = "<group>";
		};
		265168302C74E3C200F069BC /* DisposableClip */ = {
			isa = PBXGroup;
			children = (
				265168312C74E3C200F069BC /* DisposableClipApp.swift */,
				265168332C74E3C200F069BC /* ContentView.swift */,
				265168352C74E3C400F069BC /* Assets.xcassets */,
				26537CFD2C94948F005C5FD9 /* GoogleService-Info.plist */,
				2651683A2C74E3C400F069BC /* Info.plist */,
				2651683B2C74E3C400F069BC /* DisposableClip.entitlements */,
				265168372C74E3C400F069BC /* Preview Content */,
				261EF60C2C7CED36003F94AE /* SceneDelegate.swift */,
			);
			path = DisposableClip;
			sourceTree = "<group>";
		};
		265168372C74E3C400F069BC /* Preview Content */ = {
			isa = PBXGroup;
			children = (
				265168382C74E3C400F069BC /* Preview Assets.xcassets */,
			);
			path = "Preview Content";
			sourceTree = "<group>";
		};
		265168432C74E3C400F069BC /* DisposableClipTests */ = {
			isa = PBXGroup;
			children = (
				265168442C74E3C400F069BC /* DisposableClipTests.swift */,
			);
			path = DisposableClipTests;
			sourceTree = "<group>";
		};
		2651684D2C74E3C400F069BC /* DisposableClipUITests */ = {
			isa = PBXGroup;
			children = (
				2651684E2C74E3C400F069BC /* DisposableClipUITests.swift */,
				265168502C74E3C400F069BC /* DisposableClipUITestsLaunchTests.swift */,
			);
			path = DisposableClipUITests;
			sourceTree = "<group>";
		};
		2D16E6871FA4F8E400B85C8A /* Frameworks */ = {
			isa = PBXGroup;
			children = (
				261B0E152C79CABA0026F4EC /* libFirebaseFirestore.a */,
				ED297162215061F000B7C4FE /* JavaScriptCore.framework */,
				EA70EEC6E4714EC84C9AA3AF /* Pods_dispo.framework */,
			);
			name = Frameworks;
			sourceTree = "<group>";
		};
		832341AE1AAA6A7D00B99B32 /* Libraries */ = {
			isa = PBXGroup;
			children = (
			);
			name = Libraries;
			sourceTree = "<group>";
		};
		83CBB9F61A601CBA00E9B192 = {
			isa = PBXGroup;
			children = (
				13B07FAE1A68108700A75B9A /* dispo */,
				832341AE1AAA6A7D00B99B32 /* Libraries */,
				265168302C74E3C200F069BC /* DisposableClip */,
				265168432C74E3C400F069BC /* DisposableClipTests */,
				2651684D2C74E3C400F069BC /* DisposableClipUITests */,
				83CBBA001A601CBA00E9B192 /* Products */,
				2D16E6871FA4F8E400B85C8A /* Frameworks */,
				D65327D7A22EEC0BE12398D9 /* Pods */,
				D7E4C46ADA2E9064B798F356 /* ExpoModulesProviders */,
			);
			indentWidth = 2;
			sourceTree = "<group>";
			tabWidth = 2;
			usesTabs = 0;
		};
		83CBBA001A601CBA00E9B192 /* Products */ = {
			isa = PBXGroup;
			children = (
				13B07F961A680F5B00A75B9A /* dispo.app */,
				2651682F2C74E3C200F069BC /* DisposableClip.app */,
				265168402C74E3C400F069BC /* DisposableClipTests.xctest */,
				2651684A2C74E3C400F069BC /* DisposableClipUITests.xctest */,
			);
			name = Products;
			sourceTree = "<group>";
		};
		92DBD88DE9BF7D494EA9DA96 /* dispo */ = {
			isa = PBXGroup;
			children = (
				FAC715A2D49A985799AEE119 /* ExpoModulesProvider.swift */,
			);
			name = dispo;
			sourceTree = "<group>";
		};
		BB2F792B24A3F905000567C9 /* Supporting */ = {
			isa = PBXGroup;
			children = (
				BB2F792C24A3F905000567C9 /* Expo.plist */,
			);
			name = Supporting;
			path = dispo/Supporting;
			sourceTree = "<group>";
		};
		D65327D7A22EEC0BE12398D9 /* Pods */ = {
			isa = PBXGroup;
			children = (
				D1045F2EADCECAD639D51794 /* Pods-dispo.debug.xcconfig */,
				867F990A2984CF890A22E569 /* Pods-dispo.release.xcconfig */,
			);
			path = Pods;
			sourceTree = "<group>";
		};
		D7E4C46ADA2E9064B798F356 /* ExpoModulesProviders */ = {
			isa = PBXGroup;
			children = (
				92DBD88DE9BF7D494EA9DA96 /* dispo */,
			);
			name = ExpoModulesProviders;
			sourceTree = "<group>";
		};
/* End PBXGroup section */

/* Begin PBXNativeTarget section */
		13B07F861A680F5B00A75B9A /* dispo */ = {
			isa = PBXNativeTarget;
			buildConfigurationList = 13B07F931A680F5B00A75B9A /* Build configuration list for PBXNativeTarget "dispo" */;
			buildPhases = (
				0F45FCF15892700D5E91A204 /* [CP] Check Pods Manifest.lock */,
				C88E48206BE216B31E513C76 /* [Expo] Configure project */,
				13B07F871A680F5B00A75B9A /* Sources */,
				13B07F8C1A680F5B00A75B9A /* Frameworks */,
				13B07F8E1A680F5B00A75B9A /* Resources */,
				00DD1BFF1BD5951E006B06BC /* Bundle React Native code and images */,
				265168552C74E3C400F069BC /* Embed App Clips */,
				50B43E73C0F407F060D07BD9 /* [CP] Embed Pods Frameworks */,
				F1012CF8D278B984A61E8B22 /* [CP] Copy Pods Resources */,
			);
			buildRules = (
			);
			dependencies = (
				265168532C74E3C400F069BC /* PBXTargetDependency */,
			);
			name = dispo;
			productName = dispo;
			productReference = 13B07F961A680F5B00A75B9A /* dispo.app */;
			productType = "com.apple.product-type.application";
		};
		2651682E2C74E3C200F069BC /* DisposableClip */ = {
			isa = PBXNativeTarget;
			buildConfigurationList = 2651685C2C74E3C400F069BC /* Build configuration list for PBXNativeTarget "DisposableClip" */;
			buildPhases = (
				2651682B2C74E3C200F069BC /* Sources */,
				2651682C2C74E3C200F069BC /* Frameworks */,
				2651682D2C74E3C200F069BC /* Resources */,
			);
			buildRules = (
			);
			dependencies = (
			);
			name = DisposableClip;
			packageProductDependencies = (
				26E9A5632C79EC000057501C /* FirebaseFirestore */,
				26E9A5652C79EC000057501C /* FirebaseStorage */,
				26E9A5672C79EE200057501C /* SDWebImageSwiftUI */,
			);
			productName = DisposableClip;
			productReference = 2651682F2C74E3C200F069BC /* DisposableClip.app */;
			productType = "com.apple.product-type.application.on-demand-install-capable";
		};
		2651683F2C74E3C400F069BC /* DisposableClipTests */ = {
			isa = PBXNativeTarget;
			buildConfigurationList = 2651685D2C74E3C400F069BC /* Build configuration list for PBXNativeTarget "DisposableClipTests" */;
			buildPhases = (
				2651683C2C74E3C400F069BC /* Sources */,
				2651683D2C74E3C400F069BC /* Frameworks */,
				2651683E2C74E3C400F069BC /* Resources */,
			);
			buildRules = (
			);
			dependencies = (
				265168422C74E3C400F069BC /* PBXTargetDependency */,
			);
			name = DisposableClipTests;
			productName = DisposableClipTests;
			productReference = 265168402C74E3C400F069BC /* DisposableClipTests.xctest */;
			productType = "com.apple.product-type.bundle.unit-test";
		};
		265168492C74E3C400F069BC /* DisposableClipUITests */ = {
			isa = PBXNativeTarget;
			buildConfigurationList = 2651685E2C74E3C400F069BC /* Build configuration list for PBXNativeTarget "DisposableClipUITests" */;
			buildPhases = (
				265168462C74E3C400F069BC /* Sources */,
				265168472C74E3C400F069BC /* Frameworks */,
				265168482C74E3C400F069BC /* Resources */,
			);
			buildRules = (
			);
			dependencies = (
				2651684C2C74E3C400F069BC /* PBXTargetDependency */,
			);
			name = DisposableClipUITests;
			productName = DisposableClipUITests;
			productReference = 2651684A2C74E3C400F069BC /* DisposableClipUITests.xctest */;
			productType = "com.apple.product-type.bundle.ui-testing";
		};
/* End PBXNativeTarget section */

/* Begin PBXProject section */
		83CBB9F71A601CBA00E9B192 /* Project object */ = {
			isa = PBXProject;
			attributes = {
				BuildIndependentTargetsInParallel = YES;
				LastSwiftUpdateCheck = 1530;
				LastUpgradeCheck = 1530;
				TargetAttributes = {
					13B07F861A680F5B00A75B9A = {
						LastSwiftMigration = 1250;
					};
					2651682E2C74E3C200F069BC = {
						CreatedOnToolsVersion = 15.3;
					};
					2651683F2C74E3C400F069BC = {
						CreatedOnToolsVersion = 15.3;
						TestTargetID = 2651682E2C74E3C200F069BC;
					};
					265168492C74E3C400F069BC = {
						CreatedOnToolsVersion = 15.3;
						TestTargetID = 2651682E2C74E3C200F069BC;
					};
				};
			};
			buildConfigurationList = 83CBB9FA1A601CBA00E9B192 /* Build configuration list for PBXProject "dispo" */;
			compatibilityVersion = "Xcode 3.2";
			developmentRegion = en;
			hasScannedForEncodings = 0;
			knownRegions = (
				en,
				Base,
			);
			mainGroup = 83CBB9F61A601CBA00E9B192;
			packageReferences = (
				263EC85B2C76440400DFFA8E /* XCRemoteSwiftPackageReference "firebase-ios-sdk" */,
				261B0E122C79C2C00026F4EC /* XCRemoteSwiftPackageReference "SDWebImageSwiftUI" */,
			);
			productRefGroup = 83CBBA001A601CBA00E9B192 /* Products */;
			projectDirPath = "";
			projectRoot = "";
			targets = (
				13B07F861A680F5B00A75B9A /* dispo */,
				2651682E2C74E3C200F069BC /* DisposableClip */,
				2651683F2C74E3C400F069BC /* DisposableClipTests */,
				265168492C74E3C400F069BC /* DisposableClipUITests */,
			);
		};
/* End PBXProject section */

/* Begin PBXResourcesBuildPhase section */
		13B07F8E1A680F5B00A75B9A /* Resources */ = {
			isa = PBXResourcesBuildPhase;
			buildActionMask = 2147483647;
			files = (
				BB2F792D24A3F905000567C9 /* Expo.plist in Resources */,
				13B07FBF1A68108700A75B9A /* Images.xcassets in Resources */,
				3E461D99554A48A4959DE609 /* SplashScreen.storyboard in Resources */,
				42B850059F2283811DE9FF24 /* PrivacyInfo.xcprivacy in Resources */,
			);
			runOnlyForDeploymentPostprocessing = 0;
		};
		2651682D2C74E3C200F069BC /* Resources */ = {
			isa = PBXResourcesBuildPhase;
			buildActionMask = 2147483647;
			files = (
				265168392C74E3C400F069BC /* Preview Assets.xcassets in Resources */,
				265168362C74E3C400F069BC /* Assets.xcassets in Resources */,
				26537CFE2C94948F005C5FD9 /* GoogleService-Info.plist in Resources */,
			);
			runOnlyForDeploymentPostprocessing = 0;
		};
		2651683E2C74E3C400F069BC /* Resources */ = {
			isa = PBXResourcesBuildPhase;
			buildActionMask = 2147483647;
			files = (
			);
			runOnlyForDeploymentPostprocessing = 0;
		};
		265168482C74E3C400F069BC /* Resources */ = {
			isa = PBXResourcesBuildPhase;
			buildActionMask = 2147483647;
			files = (
			);
			runOnlyForDeploymentPostprocessing = 0;
		};
/* End PBXResourcesBuildPhase section */

/* Begin PBXShellScriptBuildPhase section */
		00DD1BFF1BD5951E006B06BC /* Bundle React Native code and images */ = {
			isa = PBXShellScriptBuildPhase;
			alwaysOutOfDate = 1;
			buildActionMask = 2147483647;
			files = (
			);
			inputPaths = (
			);
			name = "Bundle React Native code and images";
			outputPaths = (
			);
			runOnlyForDeploymentPostprocessing = 0;
			shellPath = /bin/sh;
			shellScript = "if [[ -f \"$PODS_ROOT/../.xcode.env\" ]]; then\n  source \"$PODS_ROOT/../.xcode.env\"\nfi\nif [[ -f \"$PODS_ROOT/../.xcode.env.local\" ]]; then\n  source \"$PODS_ROOT/../.xcode.env.local\"\nfi\n\n# The project root by default is one level up from the ios directory\nexport PROJECT_ROOT=\"$PROJECT_DIR\"/..\n\nif [[ \"$CONFIGURATION\" = *Debug* ]]; then\n  export SKIP_BUNDLING=1\nfi\nif [[ -z \"$ENTRY_FILE\" ]]; then\n  # Set the entry JS file using the bundler's entry resolution.\n  export ENTRY_FILE=\"$(\"$NODE_BINARY\" -e \"require('expo/scripts/resolveAppEntry')\" \"$PROJECT_ROOT\" ios absolute | tail -n 1)\"\nfi\n\nif [[ -z \"$CLI_PATH\" ]]; then\n  # Use Expo CLI\n  export CLI_PATH=\"$(\"$NODE_BINARY\" --print \"require.resolve('@expo/cli', { paths: [require.resolve('expo/package.json')] })\")\"\nfi\nif [[ -z \"$BUNDLE_COMMAND\" ]]; then\n  # Default Expo CLI command for bundling\n  export BUNDLE_COMMAND=\"export:embed\"\nfi\n\n# Source .xcode.env.updates if it exists to allow\n# SKIP_BUNDLING to be unset if needed\nif [[ -f \"$PODS_ROOT/../.xcode.env.updates\" ]]; then\n  source \"$PODS_ROOT/../.xcode.env.updates\"\nfi\n# Source local changes to allow overrides\n# if needed\nif [[ -f \"$PODS_ROOT/../.xcode.env.local\" ]]; then\n  source \"$PODS_ROOT/../.xcode.env.local\"\nfi\n\n`\"$NODE_BINARY\" --print \"require('path').dirname(require.resolve('react-native/package.json')) + '/scripts/react-native-xcode.sh'\"`\n\n";
		};
		0F45FCF15892700D5E91A204 /* [CP] Check Pods Manifest.lock */ = {
			isa = PBXShellScriptBuildPhase;
			buildActionMask = 2147483647;
			files = (
			);
			inputFileListPaths = (
			);
			inputPaths = (
				"${PODS_PODFILE_DIR_PATH}/Podfile.lock",
				"${PODS_ROOT}/Manifest.lock",
			);
			name = "[CP] Check Pods Manifest.lock";
			outputFileListPaths = (
			);
			outputPaths = (
				"$(DERIVED_FILE_DIR)/Pods-dispo-checkManifestLockResult.txt",
			);
			runOnlyForDeploymentPostprocessing = 0;
			shellPath = /bin/sh;
			shellScript = "diff \"${PODS_PODFILE_DIR_PATH}/Podfile.lock\" \"${PODS_ROOT}/Manifest.lock\" > /dev/null\nif [ $? != 0 ] ; then\n    # print error to STDERR\n    echo \"error: The sandbox is not in sync with the Podfile.lock. Run 'pod install' or update your CocoaPods installation.\" >&2\n    exit 1\nfi\n# This output is used by Xcode 'outputs' to avoid re-running this script phase.\necho \"SUCCESS\" > \"${SCRIPT_OUTPUT_FILE_0}\"\n";
			showEnvVarsInLog = 0;
		};
		50B43E73C0F407F060D07BD9 /* [CP] Embed Pods Frameworks */ = {
			isa = PBXShellScriptBuildPhase;
			buildActionMask = 2147483647;
			files = (
			);
			inputPaths = (
				"${PODS_ROOT}/Target Support Files/Pods-dispo/Pods-dispo-frameworks.sh",
				"${PODS_XCFRAMEWORKS_BUILD_DIR}/hermes-engine/Pre-built/hermes.framework/hermes",
			);
			name = "[CP] Embed Pods Frameworks";
			outputPaths = (
				"${TARGET_BUILD_DIR}/${FRAMEWORKS_FOLDER_PATH}/hermes.framework",
			);
			runOnlyForDeploymentPostprocessing = 0;
			shellPath = /bin/sh;
			shellScript = "\"${PODS_ROOT}/Target Support Files/Pods-dispo/Pods-dispo-frameworks.sh\"\n";
			showEnvVarsInLog = 0;
		};
		C88E48206BE216B31E513C76 /* [Expo] Configure project */ = {
			isa = PBXShellScriptBuildPhase;
			alwaysOutOfDate = 1;
			buildActionMask = 2147483647;
			files = (
			);
			inputFileListPaths = (
			);
			inputPaths = (
			);
			name = "[Expo] Configure project";
			outputFileListPaths = (
			);
			outputPaths = (
			);
			runOnlyForDeploymentPostprocessing = 0;
			shellPath = /bin/sh;
			shellScript = "# This script configures Expo modules and generates the modules provider file.\nbash -l -c \"./Pods/Target\\ Support\\ Files/Pods-dispo/expo-configure-project.sh\"\n";
		};
		F1012CF8D278B984A61E8B22 /* [CP] Copy Pods Resources */ = {
			isa = PBXShellScriptBuildPhase;
			buildActionMask = 2147483647;
			files = (
			);
			inputPaths = (
				"${PODS_ROOT}/Target Support Files/Pods-dispo/Pods-dispo-resources.sh",
				"${PODS_CONFIGURATION_BUILD_DIR}/EXConstants/EXConstants.bundle",
				"${PODS_CONFIGURATION_BUILD_DIR}/EXConstants/ExpoConstants_privacy.bundle",
				"${PODS_CONFIGURATION_BUILD_DIR}/ExpoFileSystem/ExpoFileSystem_privacy.bundle",
				"${PODS_CONFIGURATION_BUILD_DIR}/ExpoMediaLibrary/ExpoMediaLibrary_privacy.bundle",
				"${PODS_CONFIGURATION_BUILD_DIR}/RNCAsyncStorage/RNCAsyncStorage_resources.bundle",
				"${PODS_CONFIGURATION_BUILD_DIR}/React-Core/RCTI18nStrings.bundle",
			);
			name = "[CP] Copy Pods Resources";
			outputPaths = (
				"${TARGET_BUILD_DIR}/${UNLOCALIZED_RESOURCES_FOLDER_PATH}/EXConstants.bundle",
				"${TARGET_BUILD_DIR}/${UNLOCALIZED_RESOURCES_FOLDER_PATH}/ExpoConstants_privacy.bundle",
				"${TARGET_BUILD_DIR}/${UNLOCALIZED_RESOURCES_FOLDER_PATH}/ExpoFileSystem_privacy.bundle",
				"${TARGET_BUILD_DIR}/${UNLOCALIZED_RESOURCES_FOLDER_PATH}/ExpoMediaLibrary_privacy.bundle",
				"${TARGET_BUILD_DIR}/${UNLOCALIZED_RESOURCES_FOLDER_PATH}/RNCAsyncStorage_resources.bundle",
				"${TARGET_BUILD_DIR}/${UNLOCALIZED_RESOURCES_FOLDER_PATH}/RCTI18nStrings.bundle",
			);
			runOnlyForDeploymentPostprocessing = 0;
			shellPath = /bin/sh;
			shellScript = "\"${PODS_ROOT}/Target Support Files/Pods-dispo/Pods-dispo-resources.sh\"\n";
			showEnvVarsInLog = 0;
		};
/* End PBXShellScriptBuildPhase section */

/* Begin PBXSourcesBuildPhase section */
		13B07F871A680F5B00A75B9A /* Sources */ = {
			isa = PBXSourcesBuildPhase;
			buildActionMask = 2147483647;
			files = (
				13B07FBC1A68108700A75B9A /* AppDelegate.mm in Sources */,
				13B07FC11A68108700A75B9A /* main.m in Sources */,
				B18059E884C0ABDD17F3DC3D /* ExpoModulesProvider.swift in Sources */,
				0FFEE135ED2B4B59B4C37DBB /* noop-file.swift in Sources */,
			);
			runOnlyForDeploymentPostprocessing = 0;
		};
		2651682B2C74E3C200F069BC /* Sources */ = {
			isa = PBXSourcesBuildPhase;
			buildActionMask = 2147483647;
			files = (
				261EF60D2C7CED36003F94AE /* SceneDelegate.swift in Sources */,
				265168342C74E3C200F069BC /* ContentView.swift in Sources */,
				265168322C74E3C200F069BC /* DisposableClipApp.swift in Sources */,
			);
			runOnlyForDeploymentPostprocessing = 0;
		};
		2651683C2C74E3C400F069BC /* Sources */ = {
			isa = PBXSourcesBuildPhase;
			buildActionMask = 2147483647;
			files = (
				265168452C74E3C400F069BC /* DisposableClipTests.swift in Sources */,
			);
			runOnlyForDeploymentPostprocessing = 0;
		};
		265168462C74E3C400F069BC /* Sources */ = {
			isa = PBXSourcesBuildPhase;
			buildActionMask = 2147483647;
			files = (
				265168512C74E3C400F069BC /* DisposableClipUITestsLaunchTests.swift in Sources */,
				2651684F2C74E3C400F069BC /* DisposableClipUITests.swift in Sources */,
			);
			runOnlyForDeploymentPostprocessing = 0;
		};
/* End PBXSourcesBuildPhase section */

/* Begin PBXTargetDependency section */
		265168422C74E3C400F069BC /* PBXTargetDependency */ = {
			isa = PBXTargetDependency;
			target = 2651682E2C74E3C200F069BC /* DisposableClip */;
			targetProxy = 265168412C74E3C400F069BC /* PBXContainerItemProxy */;
		};
		2651684C2C74E3C400F069BC /* PBXTargetDependency */ = {
			isa = PBXTargetDependency;
			target = 2651682E2C74E3C200F069BC /* DisposableClip */;
			targetProxy = 2651684B2C74E3C400F069BC /* PBXContainerItemProxy */;
		};
		265168532C74E3C400F069BC /* PBXTargetDependency */ = {
			isa = PBXTargetDependency;
			target = 2651682E2C74E3C200F069BC /* DisposableClip */;
			targetProxy = 265168522C74E3C400F069BC /* PBXContainerItemProxy */;
		};
/* End PBXTargetDependency section */

/* Begin XCBuildConfiguration section */
		13B07F941A680F5B00A75B9A /* Debug */ = {
			isa = XCBuildConfiguration;
			baseConfigurationReference = D1045F2EADCECAD639D51794 /* Pods-dispo.debug.xcconfig */;
			buildSettings = {
				ALWAYS_EMBED_SWIFT_STANDARD_LIBRARIES = "$(inherited)";
				ASSETCATALOG_COMPILER_APPICON_NAME = AppIcon;
				CLANG_ENABLE_MODULES = YES;
				CODE_SIGN_ENTITLEMENTS = dispo/dispo.entitlements;
				CURRENT_PROJECT_VERSION = 1;
				DEVELOPMENT_TEAM = 9WW9N57U4X;
				ENABLE_BITCODE = NO;
				GCC_PREPROCESSOR_DEFINITIONS = (
					"$(inherited)",
					"FB_SONARKIT_ENABLED=1",
				);
				INFOPLIST_FILE = dispo/Info.plist;
				INFOPLIST_KEY_CFBundleDisplayName = "Disposable Camera";
				INFOPLIST_KEY_LSApplicationCategoryType = "public.app-category.photography";
				IPHONEOS_DEPLOYMENT_TARGET = 13.4;
				LD_RUNPATH_SEARCH_PATHS = (
					"$(inherited)",
					"@executable_path/Frameworks",
				);
				MARKETING_VERSION = 1.0;
				OTHER_LDFLAGS = (
					"$(inherited)",
					"-ObjC",
					"-lc++",
				);
				OTHER_SWIFT_FLAGS = "$(inherited) -D EXPO_CONFIGURATION_DEBUG";
				PRODUCT_BUNDLE_IDENTIFIER = com.moonshot.disposable;
				PRODUCT_NAME = dispo;
				SWIFT_OBJC_BRIDGING_HEADER = "dispo/dispo-Bridging-Header.h";
				SWIFT_OPTIMIZATION_LEVEL = "-Onone";
				SWIFT_VERSION = 5.0;
				TARGETED_DEVICE_FAMILY = "1,2";
				VERSIONING_SYSTEM = "apple-generic";
			};
			name = Debug;
		};
		13B07F951A680F5B00A75B9A /* Release */ = {
			isa = XCBuildConfiguration;
			baseConfigurationReference = 867F990A2984CF890A22E569 /* Pods-dispo.release.xcconfig */;
			buildSettings = {
				ALWAYS_EMBED_SWIFT_STANDARD_LIBRARIES = "$(inherited)";
				ASSETCATALOG_COMPILER_APPICON_NAME = AppIcon;
				CLANG_ENABLE_MODULES = YES;
				CODE_SIGN_ENTITLEMENTS = dispo/dispo.entitlements;
				CURRENT_PROJECT_VERSION = 1;
				DEVELOPMENT_TEAM = 9WW9N57U4X;
				INFOPLIST_FILE = dispo/Info.plist;
				INFOPLIST_KEY_CFBundleDisplayName = "Disposable Camera";
				INFOPLIST_KEY_LSApplicationCategoryType = "public.app-category.photography";
				IPHONEOS_DEPLOYMENT_TARGET = 13.4;
				LD_RUNPATH_SEARCH_PATHS = (
					"$(inherited)",
					"@executable_path/Frameworks",
				);
				MARKETING_VERSION = 1.0;
				OTHER_LDFLAGS = (
					"$(inherited)",
					"-ObjC",
					"-lc++",
				);
				OTHER_SWIFT_FLAGS = "$(inherited) -D EXPO_CONFIGURATION_RELEASE";
				PRODUCT_BUNDLE_IDENTIFIER = com.moonshot.disposable;
				PRODUCT_NAME = dispo;
				SWIFT_OBJC_BRIDGING_HEADER = "dispo/dispo-Bridging-Header.h";
				SWIFT_VERSION = 5.0;
				TARGETED_DEVICE_FAMILY = "1,2";
				VERSIONING_SYSTEM = "apple-generic";
			};
			name = Release;
		};
		265168562C74E3C400F069BC /* Debug */ = {
			isa = XCBuildConfiguration;
			buildSettings = {
				ASSETCATALOG_COMPILER_APPICON_NAME = AppIcon;
				ASSETCATALOG_COMPILER_GENERATE_SWIFT_ASSET_SYMBOL_EXTENSIONS = YES;
				ASSETCATALOG_COMPILER_GLOBAL_ACCENT_COLOR_NAME = AccentColor;
				CLANG_ANALYZER_NONNULL = YES;
				CLANG_ANALYZER_NUMBER_OBJECT_CONVERSION = YES_AGGRESSIVE;
				CLANG_CXX_LANGUAGE_STANDARD = "gnu++20";
				CLANG_ENABLE_OBJC_WEAK = YES;
				CLANG_WARN_DOCUMENTATION_COMMENTS = YES;
				CLANG_WARN_QUOTED_INCLUDE_IN_FRAMEWORK_HEADER = YES;
				CLANG_WARN_UNGUARDED_AVAILABILITY = YES_AGGRESSIVE;
				CODE_SIGN_ENTITLEMENTS = DisposableClip/DisposableClip.entitlements;
				CODE_SIGN_STYLE = Automatic;
				CURRENT_PROJECT_VERSION = 1;
				DEBUG_INFORMATION_FORMAT = dwarf;
				DEVELOPMENT_ASSET_PATHS = "\"DisposableClip/Preview Content\"";
				DEVELOPMENT_TEAM = 9WW9N57U4X;
				ENABLE_PREVIEWS = YES;
				ENABLE_USER_SCRIPT_SANDBOXING = YES;
				GCC_C_LANGUAGE_STANDARD = gnu17;
				GENERATE_INFOPLIST_FILE = YES;
				INFOPLIST_FILE = DisposableClip/Info.plist;
				INFOPLIST_KEY_CFBundleDisplayName = Disposable;
				INFOPLIST_KEY_LSApplicationCategoryType = "public.app-category.social-networking";
				INFOPLIST_KEY_UIApplicationSupportsIndirectInputEvents = YES;
				INFOPLIST_KEY_UILaunchScreen_Generation = YES;
				INFOPLIST_KEY_UISupportedInterfaceOrientations = "UIInterfaceOrientationLandscapeLeft UIInterfaceOrientationLandscapeRight UIInterfaceOrientationPortrait UIInterfaceOrientationPortraitUpsideDown";
				IPHONEOS_DEPLOYMENT_TARGET = 17.4;
				LD_RUNPATH_SEARCH_PATHS = (
					"$(inherited)",
					"@executable_path/Frameworks",
				);
				LOCALIZATION_PREFERS_STRING_CATALOGS = YES;
				MARKETING_VERSION = 1.0;
				MTL_ENABLE_DEBUG_INFO = INCLUDE_SOURCE;
				MTL_FAST_MATH = YES;
				OTHER_SWIFT_FLAGS = "$(inherited) -D EXPO_CONFIGURATION_DEBUG";
				PRODUCT_BUNDLE_IDENTIFIER = com.moonshot.disposable.Clip;
				PRODUCT_NAME = "$(TARGET_NAME)";
				SWIFT_ACTIVE_COMPILATION_CONDITIONS = "DEBUG $(inherited)";
				SWIFT_EMIT_LOC_STRINGS = YES;
				SWIFT_OPTIMIZATION_LEVEL = "-Onone";
				SWIFT_VERSION = 5.0;
				TARGETED_DEVICE_FAMILY = "1,2";
			};
			name = Debug;
		};
		265168572C74E3C400F069BC /* Release */ = {
			isa = XCBuildConfiguration;
			buildSettings = {
				ASSETCATALOG_COMPILER_APPICON_NAME = AppIcon;
				ASSETCATALOG_COMPILER_GENERATE_SWIFT_ASSET_SYMBOL_EXTENSIONS = YES;
				ASSETCATALOG_COMPILER_GLOBAL_ACCENT_COLOR_NAME = AccentColor;
				CLANG_ANALYZER_NONNULL = YES;
				CLANG_ANALYZER_NUMBER_OBJECT_CONVERSION = YES_AGGRESSIVE;
				CLANG_CXX_LANGUAGE_STANDARD = "gnu++20";
				CLANG_ENABLE_OBJC_WEAK = YES;
				CLANG_WARN_DOCUMENTATION_COMMENTS = YES;
				CLANG_WARN_QUOTED_INCLUDE_IN_FRAMEWORK_HEADER = YES;
				CLANG_WARN_UNGUARDED_AVAILABILITY = YES_AGGRESSIVE;
				CODE_SIGN_ENTITLEMENTS = DisposableClip/DisposableClip.entitlements;
				CODE_SIGN_STYLE = Automatic;
				COPY_PHASE_STRIP = NO;
				CURRENT_PROJECT_VERSION = 1;
				DEBUG_INFORMATION_FORMAT = "dwarf-with-dsym";
				DEVELOPMENT_ASSET_PATHS = "\"DisposableClip/Preview Content\"";
				DEVELOPMENT_TEAM = 9WW9N57U4X;
				ENABLE_PREVIEWS = YES;
				ENABLE_USER_SCRIPT_SANDBOXING = YES;
				GCC_C_LANGUAGE_STANDARD = gnu17;
				GENERATE_INFOPLIST_FILE = YES;
				INFOPLIST_FILE = DisposableClip/Info.plist;
				INFOPLIST_KEY_CFBundleDisplayName = Disposable;
				INFOPLIST_KEY_LSApplicationCategoryType = "public.app-category.social-networking";
				INFOPLIST_KEY_UIApplicationSupportsIndirectInputEvents = YES;
				INFOPLIST_KEY_UILaunchScreen_Generation = YES;
				INFOPLIST_KEY_UISupportedInterfaceOrientations = "UIInterfaceOrientationLandscapeLeft UIInterfaceOrientationLandscapeRight UIInterfaceOrientationPortrait UIInterfaceOrientationPortraitUpsideDown";
				IPHONEOS_DEPLOYMENT_TARGET = 17.4;
				LD_RUNPATH_SEARCH_PATHS = (
					"$(inherited)",
					"@executable_path/Frameworks",
				);
				LOCALIZATION_PREFERS_STRING_CATALOGS = YES;
				MARKETING_VERSION = 1.0;
				MTL_FAST_MATH = YES;
				OTHER_SWIFT_FLAGS = "$(inherited) -D EXPO_CONFIGURATION_RELEASE";
				PRODUCT_BUNDLE_IDENTIFIER = com.moonshot.disposable.Clip;
				PRODUCT_NAME = "$(TARGET_NAME)";
				SWIFT_COMPILATION_MODE = wholemodule;
				SWIFT_EMIT_LOC_STRINGS = YES;
				SWIFT_VERSION = 5.0;
				TARGETED_DEVICE_FAMILY = "1,2";
			};
			name = Release;
		};
		265168582C74E3C400F069BC /* Debug */ = {
			isa = XCBuildConfiguration;
			buildSettings = {
				ALWAYS_EMBED_SWIFT_STANDARD_LIBRARIES = YES;
				ASSETCATALOG_COMPILER_GENERATE_SWIFT_ASSET_SYMBOL_EXTENSIONS = YES;
				BUNDLE_LOADER = "$(TEST_HOST)";
				CLANG_ANALYZER_NONNULL = YES;
				CLANG_ANALYZER_NUMBER_OBJECT_CONVERSION = YES_AGGRESSIVE;
				CLANG_CXX_LANGUAGE_STANDARD = "gnu++20";
				CLANG_ENABLE_OBJC_WEAK = YES;
				CLANG_WARN_DOCUMENTATION_COMMENTS = YES;
				CLANG_WARN_QUOTED_INCLUDE_IN_FRAMEWORK_HEADER = YES;
				CLANG_WARN_UNGUARDED_AVAILABILITY = YES_AGGRESSIVE;
				CODE_SIGN_STYLE = Automatic;
				CURRENT_PROJECT_VERSION = 1;
				DEBUG_INFORMATION_FORMAT = dwarf;
				DEVELOPMENT_TEAM = 9WW9N57U4X;
				ENABLE_USER_SCRIPT_SANDBOXING = YES;
				GCC_C_LANGUAGE_STANDARD = gnu17;
				GENERATE_INFOPLIST_FILE = YES;
				IPHONEOS_DEPLOYMENT_TARGET = 17.4;
				LOCALIZATION_PREFERS_STRING_CATALOGS = YES;
				MARKETING_VERSION = 1.0;
				MTL_ENABLE_DEBUG_INFO = INCLUDE_SOURCE;
				MTL_FAST_MATH = YES;
				OTHER_SWIFT_FLAGS = "$(inherited) -D EXPO_CONFIGURATION_DEBUG";
				PRODUCT_BUNDLE_IDENTIFIER = com.moonshot.disposable.DisposableClipTests;
				PRODUCT_NAME = "$(TARGET_NAME)";
				SWIFT_ACTIVE_COMPILATION_CONDITIONS = "DEBUG $(inherited)";
				SWIFT_EMIT_LOC_STRINGS = NO;
				SWIFT_OPTIMIZATION_LEVEL = "-Onone";
				SWIFT_VERSION = 5.0;
				TARGETED_DEVICE_FAMILY = "1,2";
				TEST_HOST = "$(BUILT_PRODUCTS_DIR)/DisposableClip.app/$(BUNDLE_EXECUTABLE_FOLDER_PATH)/DisposableClip";
			};
			name = Debug;
		};
		265168592C74E3C400F069BC /* Release */ = {
			isa = XCBuildConfiguration;
			buildSettings = {
				ALWAYS_EMBED_SWIFT_STANDARD_LIBRARIES = YES;
				ASSETCATALOG_COMPILER_GENERATE_SWIFT_ASSET_SYMBOL_EXTENSIONS = YES;
				BUNDLE_LOADER = "$(TEST_HOST)";
				CLANG_ANALYZER_NONNULL = YES;
				CLANG_ANALYZER_NUMBER_OBJECT_CONVERSION = YES_AGGRESSIVE;
				CLANG_CXX_LANGUAGE_STANDARD = "gnu++20";
				CLANG_ENABLE_OBJC_WEAK = YES;
				CLANG_WARN_DOCUMENTATION_COMMENTS = YES;
				CLANG_WARN_QUOTED_INCLUDE_IN_FRAMEWORK_HEADER = YES;
				CLANG_WARN_UNGUARDED_AVAILABILITY = YES_AGGRESSIVE;
				CODE_SIGN_STYLE = Automatic;
				COPY_PHASE_STRIP = NO;
				CURRENT_PROJECT_VERSION = 1;
				DEBUG_INFORMATION_FORMAT = "dwarf-with-dsym";
				DEVELOPMENT_TEAM = 9WW9N57U4X;
				ENABLE_USER_SCRIPT_SANDBOXING = YES;
				GCC_C_LANGUAGE_STANDARD = gnu17;
				GENERATE_INFOPLIST_FILE = YES;
				IPHONEOS_DEPLOYMENT_TARGET = 17.4;
				LOCALIZATION_PREFERS_STRING_CATALOGS = YES;
				MARKETING_VERSION = 1.0;
				MTL_FAST_MATH = YES;
				OTHER_SWIFT_FLAGS = "$(inherited) -D EXPO_CONFIGURATION_RELEASE";
				PRODUCT_BUNDLE_IDENTIFIER = com.moonshot.disposable.DisposableClipTests;
				PRODUCT_NAME = "$(TARGET_NAME)";
				SWIFT_COMPILATION_MODE = wholemodule;
				SWIFT_EMIT_LOC_STRINGS = NO;
				SWIFT_VERSION = 5.0;
				TARGETED_DEVICE_FAMILY = "1,2";
				TEST_HOST = "$(BUILT_PRODUCTS_DIR)/DisposableClip.app/$(BUNDLE_EXECUTABLE_FOLDER_PATH)/DisposableClip";
			};
			name = Release;
		};
		2651685A2C74E3C400F069BC /* Debug */ = {
			isa = XCBuildConfiguration;
			buildSettings = {
				ALWAYS_EMBED_SWIFT_STANDARD_LIBRARIES = YES;
				ASSETCATALOG_COMPILER_GENERATE_SWIFT_ASSET_SYMBOL_EXTENSIONS = YES;
				CLANG_ANALYZER_NONNULL = YES;
				CLANG_ANALYZER_NUMBER_OBJECT_CONVERSION = YES_AGGRESSIVE;
				CLANG_CXX_LANGUAGE_STANDARD = "gnu++20";
				CLANG_ENABLE_OBJC_WEAK = YES;
				CLANG_WARN_DOCUMENTATION_COMMENTS = YES;
				CLANG_WARN_QUOTED_INCLUDE_IN_FRAMEWORK_HEADER = YES;
				CLANG_WARN_UNGUARDED_AVAILABILITY = YES_AGGRESSIVE;
				CODE_SIGN_STYLE = Automatic;
				CURRENT_PROJECT_VERSION = 1;
				DEBUG_INFORMATION_FORMAT = dwarf;
				DEVELOPMENT_TEAM = 9WW9N57U4X;
				ENABLE_USER_SCRIPT_SANDBOXING = YES;
				GCC_C_LANGUAGE_STANDARD = gnu17;
				GENERATE_INFOPLIST_FILE = YES;
				IPHONEOS_DEPLOYMENT_TARGET = 17.4;
				LOCALIZATION_PREFERS_STRING_CATALOGS = YES;
				MARKETING_VERSION = 1.0;
				MTL_ENABLE_DEBUG_INFO = INCLUDE_SOURCE;
				MTL_FAST_MATH = YES;
				OTHER_SWIFT_FLAGS = "$(inherited) -D EXPO_CONFIGURATION_DEBUG";
				PRODUCT_BUNDLE_IDENTIFIER = com.moonshot.disposable.DisposableClipUITests;
				PRODUCT_NAME = "$(TARGET_NAME)";
				SWIFT_ACTIVE_COMPILATION_CONDITIONS = "DEBUG $(inherited)";
				SWIFT_EMIT_LOC_STRINGS = NO;
				SWIFT_OPTIMIZATION_LEVEL = "-Onone";
				SWIFT_VERSION = 5.0;
				TARGETED_DEVICE_FAMILY = "1,2";
				TEST_TARGET_NAME = DisposableClip;
			};
			name = Debug;
		};
		2651685B2C74E3C400F069BC /* Release */ = {
			isa = XCBuildConfiguration;
			buildSettings = {
				ALWAYS_EMBED_SWIFT_STANDARD_LIBRARIES = YES;
				ASSETCATALOG_COMPILER_GENERATE_SWIFT_ASSET_SYMBOL_EXTENSIONS = YES;
				CLANG_ANALYZER_NONNULL = YES;
				CLANG_ANALYZER_NUMBER_OBJECT_CONVERSION = YES_AGGRESSIVE;
				CLANG_CXX_LANGUAGE_STANDARD = "gnu++20";
				CLANG_ENABLE_OBJC_WEAK = YES;
				CLANG_WARN_DOCUMENTATION_COMMENTS = YES;
				CLANG_WARN_QUOTED_INCLUDE_IN_FRAMEWORK_HEADER = YES;
				CLANG_WARN_UNGUARDED_AVAILABILITY = YES_AGGRESSIVE;
				CODE_SIGN_STYLE = Automatic;
				COPY_PHASE_STRIP = NO;
				CURRENT_PROJECT_VERSION = 1;
				DEBUG_INFORMATION_FORMAT = "dwarf-with-dsym";
				DEVELOPMENT_TEAM = 9WW9N57U4X;
				ENABLE_USER_SCRIPT_SANDBOXING = YES;
				GCC_C_LANGUAGE_STANDARD = gnu17;
				GENERATE_INFOPLIST_FILE = YES;
				IPHONEOS_DEPLOYMENT_TARGET = 17.4;
				LOCALIZATION_PREFERS_STRING_CATALOGS = YES;
				MARKETING_VERSION = 1.0;
				MTL_FAST_MATH = YES;
				OTHER_SWIFT_FLAGS = "$(inherited) -D EXPO_CONFIGURATION_RELEASE";
				PRODUCT_BUNDLE_IDENTIFIER = com.moonshot.disposable.DisposableClipUITests;
				PRODUCT_NAME = "$(TARGET_NAME)";
				SWIFT_COMPILATION_MODE = wholemodule;
				SWIFT_EMIT_LOC_STRINGS = NO;
				SWIFT_VERSION = 5.0;
				TARGETED_DEVICE_FAMILY = "1,2";
				TEST_TARGET_NAME = DisposableClip;
			};
			name = Release;
		};
		83CBBA201A601CBA00E9B192 /* Debug */ = {
			isa = XCBuildConfiguration;
			buildSettings = {
				ALWAYS_EMBED_SWIFT_STANDARD_LIBRARIES = "$(inherited)";
				ALWAYS_SEARCH_USER_PATHS = NO;
				CC = "";
				CLANG_ANALYZER_LOCALIZABILITY_NONLOCALIZED = YES;
				CLANG_CXX_LANGUAGE_STANDARD = "c++20";
				CLANG_CXX_LIBRARY = "libc++";
				CLANG_ENABLE_MODULES = YES;
				CLANG_ENABLE_OBJC_ARC = YES;
				CLANG_WARN_BLOCK_CAPTURE_AUTORELEASING = YES;
				CLANG_WARN_BOOL_CONVERSION = YES;
				CLANG_WARN_COMMA = YES;
				CLANG_WARN_CONSTANT_CONVERSION = YES;
				CLANG_WARN_DEPRECATED_OBJC_IMPLEMENTATIONS = YES;
				CLANG_WARN_DIRECT_OBJC_ISA_USAGE = YES_ERROR;
				CLANG_WARN_EMPTY_BODY = YES;
				CLANG_WARN_ENUM_CONVERSION = YES;
				CLANG_WARN_INFINITE_RECURSION = YES;
				CLANG_WARN_INT_CONVERSION = YES;
				CLANG_WARN_NON_LITERAL_NULL_CONVERSION = YES;
				CLANG_WARN_OBJC_IMPLICIT_RETAIN_SELF = YES;
				CLANG_WARN_OBJC_LITERAL_CONVERSION = YES;
				CLANG_WARN_OBJC_ROOT_CLASS = YES_ERROR;
				CLANG_WARN_QUOTED_INCLUDE_IN_FRAMEWORK_HEADER = YES;
				CLANG_WARN_RANGE_LOOP_ANALYSIS = YES;
				CLANG_WARN_STRICT_PROTOTYPES = YES;
				CLANG_WARN_SUSPICIOUS_MOVE = YES;
				CLANG_WARN_UNREACHABLE_CODE = YES;
				CLANG_WARN__DUPLICATE_METHOD_MATCH = YES;
				"CODE_SIGN_IDENTITY[sdk=iphoneos*]" = "iPhone Developer";
				COPY_PHASE_STRIP = NO;
				CXX = "";
				ENABLE_STRICT_OBJC_MSGSEND = YES;
				ENABLE_TESTABILITY = YES;
				GCC_C_LANGUAGE_STANDARD = gnu99;
				GCC_DYNAMIC_NO_PIC = NO;
				GCC_NO_COMMON_BLOCKS = YES;
				GCC_OPTIMIZATION_LEVEL = 0;
				GCC_PREPROCESSOR_DEFINITIONS = (
					"DEBUG=1",
					"$(inherited)",
				);
				GCC_SYMBOLS_PRIVATE_EXTERN = NO;
				GCC_WARN_64_TO_32_BIT_CONVERSION = YES;
				GCC_WARN_ABOUT_RETURN_TYPE = YES_ERROR;
				GCC_WARN_UNDECLARED_SELECTOR = YES;
				GCC_WARN_UNINITIALIZED_AUTOS = YES_AGGRESSIVE;
				GCC_WARN_UNUSED_FUNCTION = YES;
				GCC_WARN_UNUSED_VARIABLE = YES;
				HEADER_SEARCH_PATHS = (
					"$(inherited)",
					"${PODS_CONFIGURATION_BUILD_DIR}/ReactCommon/ReactCommon.framework/Headers",
					"${PODS_CONFIGURATION_BUILD_DIR}/ReactCommon/ReactCommon.framework/Headers/react/nativemodule/core",
					"${PODS_CONFIGURATION_BUILD_DIR}/ReactCommon-Samples/ReactCommon_Samples.framework/Headers",
					"${PODS_CONFIGURATION_BUILD_DIR}/ReactCommon-Samples/ReactCommon_Samples.framework/Headers/platform/ios",
					"${PODS_CONFIGURATION_BUILD_DIR}/React-Fabric/React_Fabric.framework/Headers/react/renderer/components/view/platform/cxx",
					"${PODS_CONFIGURATION_BUILD_DIR}/React-NativeModulesApple/React_NativeModulesApple.framework/Headers",
					"${PODS_CONFIGURATION_BUILD_DIR}/React-graphics/React_graphics.framework/Headers",
					"${PODS_CONFIGURATION_BUILD_DIR}/React-graphics/React_graphics.framework/Headers/react/renderer/graphics/platform/ios",
				);
				IPHONEOS_DEPLOYMENT_TARGET = 13.4;
				LD = "";
				LDPLUSPLUS = "";
				LD_RUNPATH_SEARCH_PATHS = (
					/usr/lib/swift,
					"$(inherited)",
				);
				LIBRARY_SEARCH_PATHS = "$(SDKROOT)/usr/lib/swift\"$(inherited)\"";
				MTL_ENABLE_DEBUG_INFO = YES;
				ONLY_ACTIVE_ARCH = YES;
				OTHER_LDFLAGS = (
					"$(inherited)",
					"-Wl",
					"-ld_classic",
				);
				REACT_NATIVE_PATH = "${PODS_ROOT}/../../node_modules/react-native";
				SDKROOT = iphoneos;
				USE_HERMES = true;
			};
			name = Debug;
		};
		83CBBA211A601CBA00E9B192 /* Release */ = {
			isa = XCBuildConfiguration;
			buildSettings = {
				ALWAYS_EMBED_SWIFT_STANDARD_LIBRARIES = "$(inherited)";
				ALWAYS_SEARCH_USER_PATHS = NO;
				CC = "";
				CLANG_ANALYZER_LOCALIZABILITY_NONLOCALIZED = YES;
				CLANG_CXX_LANGUAGE_STANDARD = "c++20";
				CLANG_CXX_LIBRARY = "libc++";
				CLANG_ENABLE_MODULES = YES;
				CLANG_ENABLE_OBJC_ARC = YES;
				CLANG_WARN_BLOCK_CAPTURE_AUTORELEASING = YES;
				CLANG_WARN_BOOL_CONVERSION = YES;
				CLANG_WARN_COMMA = YES;
				CLANG_WARN_CONSTANT_CONVERSION = YES;
				CLANG_WARN_DEPRECATED_OBJC_IMPLEMENTATIONS = YES;
				CLANG_WARN_DIRECT_OBJC_ISA_USAGE = YES_ERROR;
				CLANG_WARN_EMPTY_BODY = YES;
				CLANG_WARN_ENUM_CONVERSION = YES;
				CLANG_WARN_INFINITE_RECURSION = YES;
				CLANG_WARN_INT_CONVERSION = YES;
				CLANG_WARN_NON_LITERAL_NULL_CONVERSION = YES;
				CLANG_WARN_OBJC_IMPLICIT_RETAIN_SELF = YES;
				CLANG_WARN_OBJC_LITERAL_CONVERSION = YES;
				CLANG_WARN_OBJC_ROOT_CLASS = YES_ERROR;
				CLANG_WARN_QUOTED_INCLUDE_IN_FRAMEWORK_HEADER = YES;
				CLANG_WARN_RANGE_LOOP_ANALYSIS = YES;
				CLANG_WARN_STRICT_PROTOTYPES = YES;
				CLANG_WARN_SUSPICIOUS_MOVE = YES;
				CLANG_WARN_UNREACHABLE_CODE = YES;
				CLANG_WARN__DUPLICATE_METHOD_MATCH = YES;
				"CODE_SIGN_IDENTITY[sdk=iphoneos*]" = "iPhone Developer";
				COPY_PHASE_STRIP = YES;
				CXX = "";
				ENABLE_NS_ASSERTIONS = NO;
				ENABLE_STRICT_OBJC_MSGSEND = YES;
				GCC_C_LANGUAGE_STANDARD = gnu99;
				GCC_NO_COMMON_BLOCKS = YES;
				GCC_WARN_64_TO_32_BIT_CONVERSION = YES;
				GCC_WARN_ABOUT_RETURN_TYPE = YES_ERROR;
				GCC_WARN_UNDECLARED_SELECTOR = YES;
				GCC_WARN_UNINITIALIZED_AUTOS = YES_AGGRESSIVE;
				GCC_WARN_UNUSED_FUNCTION = YES;
				GCC_WARN_UNUSED_VARIABLE = YES;
				HEADER_SEARCH_PATHS = (
					"$(inherited)",
					"${PODS_CONFIGURATION_BUILD_DIR}/ReactCommon/ReactCommon.framework/Headers",
					"${PODS_CONFIGURATION_BUILD_DIR}/ReactCommon/ReactCommon.framework/Headers/react/nativemodule/core",
					"${PODS_CONFIGURATION_BUILD_DIR}/ReactCommon-Samples/ReactCommon_Samples.framework/Headers",
					"${PODS_CONFIGURATION_BUILD_DIR}/ReactCommon-Samples/ReactCommon_Samples.framework/Headers/platform/ios",
					"${PODS_CONFIGURATION_BUILD_DIR}/React-Fabric/React_Fabric.framework/Headers/react/renderer/components/view/platform/cxx",
					"${PODS_CONFIGURATION_BUILD_DIR}/React-NativeModulesApple/React_NativeModulesApple.framework/Headers",
					"${PODS_CONFIGURATION_BUILD_DIR}/React-graphics/React_graphics.framework/Headers",
					"${PODS_CONFIGURATION_BUILD_DIR}/React-graphics/React_graphics.framework/Headers/react/renderer/graphics/platform/ios",
				);
				IPHONEOS_DEPLOYMENT_TARGET = 13.4;
				LD = "";
				LDPLUSPLUS = "";
				LD_RUNPATH_SEARCH_PATHS = (
					/usr/lib/swift,
					"$(inherited)",
				);
				LIBRARY_SEARCH_PATHS = "$(SDKROOT)/usr/lib/swift\"$(inherited)\"";
				MTL_ENABLE_DEBUG_INFO = NO;
				OTHER_LDFLAGS = (
					"$(inherited)",
					"-Wl",
					"-ld_classic",
				);
				REACT_NATIVE_PATH = "${PODS_ROOT}/../../node_modules/react-native";
				SDKROOT = iphoneos;
				SWIFT_COMPILATION_MODE = wholemodule;
				USE_HERMES = true;
				VALIDATE_PRODUCT = YES;
			};
			name = Release;
		};
/* End XCBuildConfiguration section */

/* Begin XCConfigurationList section */
		13B07F931A680F5B00A75B9A /* Build configuration list for PBXNativeTarget "dispo" */ = {
			isa = XCConfigurationList;
			buildConfigurations = (
				13B07F941A680F5B00A75B9A /* Debug */,
				13B07F951A680F5B00A75B9A /* Release */,
			);
			defaultConfigurationIsVisible = 0;
			defaultConfigurationName = Release;
		};
		2651685C2C74E3C400F069BC /* Build configuration list for PBXNativeTarget "DisposableClip" */ = {
			isa = XCConfigurationList;
			buildConfigurations = (
				265168562C74E3C400F069BC /* Debug */,
				265168572C74E3C400F069BC /* Release */,
			);
			defaultConfigurationIsVisible = 0;
			defaultConfigurationName = Release;
		};
		2651685D2C74E3C400F069BC /* Build configuration list for PBXNativeTarget "DisposableClipTests" */ = {
			isa = XCConfigurationList;
			buildConfigurations = (
				265168582C74E3C400F069BC /* Debug */,
				265168592C74E3C400F069BC /* Release */,
			);
			defaultConfigurationIsVisible = 0;
			defaultConfigurationName = Release;
		};
		2651685E2C74E3C400F069BC /* Build configuration list for PBXNativeTarget "DisposableClipUITests" */ = {
			isa = XCConfigurationList;
			buildConfigurations = (
				2651685A2C74E3C400F069BC /* Debug */,
				2651685B2C74E3C400F069BC /* Release */,
			);
			defaultConfigurationIsVisible = 0;
			defaultConfigurationName = Release;
		};
		83CBB9FA1A601CBA00E9B192 /* Build configuration list for PBXProject "dispo" */ = {
			isa = XCConfigurationList;
			buildConfigurations = (
				83CBBA201A601CBA00E9B192 /* Debug */,
				83CBBA211A601CBA00E9B192 /* Release */,
			);
			defaultConfigurationIsVisible = 0;
			defaultConfigurationName = Release;
		};
/* End XCConfigurationList section */

/* Begin XCRemoteSwiftPackageReference section */
		261B0E122C79C2C00026F4EC /* XCRemoteSwiftPackageReference "SDWebImageSwiftUI" */ = {
			isa = XCRemoteSwiftPackageReference;
			repositoryURL = "https://github.com/SDWebImage/SDWebImageSwiftUI";
			requirement = {
				kind = upToNextMajorVersion;
				minimumVersion = 3.1.1;
			};
		};
		263EC85B2C76440400DFFA8E /* XCRemoteSwiftPackageReference "firebase-ios-sdk" */ = {
			isa = XCRemoteSwiftPackageReference;
			repositoryURL = "https://github.com/firebase/firebase-ios-sdk";
			requirement = {
				kind = upToNextMajorVersion;
				minimumVersion = 11.1.0;
			};
		};
/* End XCRemoteSwiftPackageReference section */

/* Begin XCSwiftPackageProductDependency section */
		26E9A5632C79EC000057501C /* FirebaseFirestore */ = {
			isa = XCSwiftPackageProductDependency;
			package = 263EC85B2C76440400DFFA8E /* XCRemoteSwiftPackageReference "firebase-ios-sdk" */;
			productName = FirebaseFirestore;
		};
		26E9A5652C79EC000057501C /* FirebaseStorage */ = {
			isa = XCSwiftPackageProductDependency;
			package = 263EC85B2C76440400DFFA8E /* XCRemoteSwiftPackageReference "firebase-ios-sdk" */;
			productName = FirebaseStorage;
		};
		26E9A5672C79EE200057501C /* SDWebImageSwiftUI */ = {
			isa = XCSwiftPackageProductDependency;
			package = 261B0E122C79C2C00026F4EC /* XCRemoteSwiftPackageReference "SDWebImageSwiftUI" */;
			productName = SDWebImageSwiftUI;
		};
/* End XCSwiftPackageProductDependency section */
	};
	rootObject = 83CBB9F71A601CBA00E9B192 /* Project object */;
}
